
Microsoft Visual Studio Solution File, Format Version 12.00
# Visual Studio 15
VisualStudioVersion = 15.0.27130.2003
MinimumVisualStudioVersion = 10.0.40219.1
Project("{FAE04EC0-301F-11D3-BF4B-00C04F79EFBC}") = "Lab4WebApplication", "Lab4WebApplication\Lab4WebApplication.csproj", "{84D859D5-203B-4C9E-9B33-B73FA4742DE4}"
EndProject
Global
	GlobalSection(SolutionConfigurationPlatforms) = preSolution
		Debug|Any CPU = Debug|Any CPU
		Release|Any CPU = Release|Any CPU
	EndGlobalSection
	GlobalSection(ProjectConfigurationPlatforms) = postSolution
		{84D859D5-203B-4C9E-9B33-B73FA4742DE4}.Debug|Any CPU.ActiveCfg = Debug|Any CPU
		{84D859D5-203B-4C9E-9B33-B73FA4742DE4}.Debug|Any CPU.Build.0 = Debug|Any CPU
		{84D859D5-203B-4C9E-9B33-B73FA4742DE4}.Release|Any CPU.ActiveCfg = Release|Any CPU
		{84D859D5-203B-4C9E-9B33-B73FA4742DE4}.Release|Any CPU.Build.0 = Release|Any CPU
	EndGlobalSection
	GlobalSection(SolutionProperties) = preSolution
		HideSolutionNode = FALSE
	EndGlobalSection
	GlobalSection(ExtensibilityGlobals) = postSolution
		SolutionGuid = {8BDFA1DF-702B-4637-8A95-6BA0EB4203E6}
	EndGlobalSection
EndGlobal
